{
  "name": "MDev-IoweU",
  "lockfileVersion": 3,
  "requires": true,
  "packages": {
    "": {
      "dependencies": {
        "@capacitor-mlkit/barcode-scanning": "^7.2.1",
        "html5-qrcode": "^2.3.8",
        "http": "^0.0.1-security"
      }
    },
    "node_modules/@capacitor-mlkit/barcode-scanning": {
      "version": "7.2.1",
      "resolved": "https://registry.npmjs.org/@capacitor-mlkit/barcode-scanning/-/barcode-scanning-7.2.1.tgz",
      "integrity": "sha512-zz1TYe//Fw/kx+x3cBDgWlskx3DA0BpXLGGaaEFfq+cP2F/3Bf2Gy/2LAKG+eIzMQ/McGGKMnUC6OpzrDqxwww==",
      "funding": [
        {
          "type": "github",
          "url": "https://github.com/sponsors/capawesome-team/"
        },
        {
          "type": "opencollective",
          "url": "https://opencollective.com/capawesome"
        }
      ],
      "peerDependencies": {
        "@capacitor/core": ">=7.0.0"
      }
    },
    "node_modules/@capacitor/core": {
      "version": "7.2.0",
      "resolved": "https://registry.npmjs.org/@capacitor/core/-/core-7.2.0.tgz",
      "integrity": "sha512-2zCnA6RJeZ9ec4470o8QMZEQTWpekw9FNoqm5TLc10jeCrhvHVI8MPgxdZVc3mOdFlyieYu4AS1fNxSqbS57Pw==",
      "peer": true,
      "dependencies": {
        "tslib": "^2.1.0"
      }
    },
    "node_modules/html5-qrcode": {
      "version": "2.3.8",
      "resolved": "https://registry.npmjs.org/html5-qrcode/-/html5-qrcode-2.3.8.tgz",
      "integrity": "sha512-jsr4vafJhwoLVEDW3n1KvPnCCXWaQfRng0/EEYk1vNcQGcG/htAdhJX0be8YyqMoSz7+hZvOZSTAepsabiuhiQ=="
    },
    "node_modules/http": {
      "version": "0.0.1-security",
      "resolved": "https://registry.npmjs.org/http/-/http-0.0.1-security.tgz",
      "integrity": "sha512-RnDvP10Ty9FxqOtPZuxtebw1j4L/WiqNMDtuc1YMH1XQm5TgDRaR1G9u8upL6KD1bXHSp9eSXo/ED+8Q7FAr+g=="
    },
    "node_modules/tslib": {
      "version": "2.8.1",
      "resolved": "https://registry.npmjs.org/tslib/-/tslib-2.8.1.tgz",
      "integrity": "sha512-oJFu94HQb+KVduSUQL7wnpmqnfmLsOA/nAh6b6EH0wCEoK0/mPeXU6c3wKDV83MkOuHPRHtSXKKU99IBazS/2w==",
      "peer": true
    }
  }
}
