{
  "name": "MDev-IoweU",
  "lockfileVersion": 3,
  "requires": true,
  "packages": {
    "": {
      "dependencies": {
        "html5-qrcode": "^2.3.8",
        "http": "^0.0.1-security"
      }
    },
    "node_modules/html5-qrcode": {
      "version": "2.3.8",
      "resolved": "https://registry.npmjs.org/html5-qrcode/-/html5-qrcode-2.3.8.tgz",
      "integrity": "sha512-jsr4vafJhwoLVEDW3n1KvPnCCXWaQfRng0/EEYk1vNcQGcG/htAdhJX0be8YyqMoSz7+hZvOZSTAepsabiuhiQ=="
    },
    "node_modules/http": {
      "version": "0.0.1-security",
      "resolved": "https://registry.npmjs.org/http/-/http-0.0.1-security.tgz",
      "integrity": "sha512-RnDvP10Ty9FxqOtPZuxtebw1j4L/WiqNMDtuc1YMH1XQm5TgDRaR1G9u8upL6KD1bXHSp9eSXo/ED+8Q7FAr+g=="
    }
  }
}
